
Microsoft Visual Studio Solution File, Format Version 11.00
# Visual Studio 2010
Project("{FAE04EC0-301F-11D3-BF4B-00C04F79EFBC}") = "CreatePTBClasses", "CreatePTBClasses.csproj", "{D898F8AE-13FE-4A4F-8D86-839BAE132258}"
EndProject
Global
	GlobalSection(SolutionConfigurationPlatforms) = preSolution
		Debug|Any CPU = Debug|Any CPU
		Release|Any CPU = Release|Any CPU
	EndGlobalSection
	GlobalSection(ProjectConfigurationPlatforms) = postSolution
		{D898F8AE-13FE-4A4F-8D86-839BAE132258}.Debug|Any CPU.ActiveCfg = Debug|Any CPU
		{D898F8AE-13FE-4A4F-8D86-839BAE132258}.Debug|Any CPU.Build.0 = Debug|Any CPU
		{D898F8AE-13FE-4A4F-8D86-839BAE132258}.Release|Any CPU.ActiveCfg = Release|Any CPU
		{D898F8AE-13FE-4A4F-8D86-839BAE132258}.Release|Any CPU.Build.0 = Release|Any CPU
	EndGlobalSection
	GlobalSection(SolutionProperties) = preSolution
		HideSolutionNode = FALSE
	EndGlobalSection
EndGlobal
